// !$*UTF8*$!
{
	archiveVersion = 1;
	classes = {
	};
	objectVersion = 46;
	objects = {

/* Begin PBXGroup section */
		B3D58B7C1BE4FE9D002DEE96 = {
			isa = PBXGroup;
			children = (
			);
			sourceTree = "<group>";
		};
/* End PBXGroup section */

/* Begin PBXProject section */
		B3D58B7D1BE4FE9D002DEE96 /* Project object */ = {
			isa = PBXProject;
			attributes = {
				LastUpgradeCheck = 0710;
			};
			buildConfigurationList = B3D58B801BE4FE9D002DEE96 /* Build configuration list for PBXProject "flockstation" */;
			compatibilityVersion = "Xcode 3.2";
			developmentRegion = English;
			hasScannedForEncodings = 0;
			knownRegions = (
				en,
			);
			mainGroup = B3D58B7C1BE4FE9D002DEE96;
			projectDirPath = "";
			projectRoot = "";
			targets = (
			);
		};
/* End PBXProject section */

/* Begin XCBuildConfiguration section */
		B3D58B811BE4FE9D002DEE96 /* Debug */ = {
			isa = XCBuildConfiguration;
			buildSettings = {
			};
			name = Debug;
		};
		B3D58B821BE4FE9D002DEE96 /* Release */ = {
			isa = XCBuildConfiguration;
			buildSettings = {
			};
			name = Release;
		};
/* End XCBuildConfiguration section */

/* Begin XCConfigurationList section */
		B3D58B801BE4FE9D002DEE96 /* Build configuration list for PBXProject "flockstation" */ = {
			isa = XCConfigurationList;
			buildConfigurations = (
				B3D58B811BE4FE9D002DEE96 /* Debug */,
				B3D58B821BE4FE9D002DEE96 /* Release */,
			);
			defaultConfigurationIsVisible = 0;
			defaultConfigurationName = Release;
		};
/* End XCConfigurationList section */
	};
	rootObject = B3D58B7D1BE4FE9D002DEE96 /* Project object */;
}
